
Microsoft Visual Studio Solution File, Format Version 12.00
# Visual Studio Version 17
VisualStudioVersion = 17.8.34330.188
MinimumVisualStudioVersion = 10.0.40219.1
Project("{9A19103F-16F7-4668-BE54-9A1E7A4F7556}") = "CarSalesApp", "..\CarSalesApp\CarSalesApp.csproj", "{871A5621-7F5B-40C6-A55C-01CE0FC9BC88}"
EndProject
Project("{9A19103F-16F7-4668-BE54-9A1E7A4F7556}") = "CarSale.DAL", "CarSale.DAL\CarSale.DAL.csproj", "{A0434355-436C-4160-B4DF-025ADDEFF7C2}"
EndProject
Project("{FAE04EC0-301F-11D3-BF4B-00C04F79EFBC}") = "CarSales.Interfaces", "CarSales.Interfaces\CarSales.Interfaces.csproj", "{65967397-CA72-4F93-9172-9758EE450F52}"
EndProject
Global
	GlobalSection(SolutionConfigurationPlatforms) = preSolution
		Debug|Any CPU = Debug|Any CPU
		Release|Any CPU = Release|Any CPU
	EndGlobalSection
	GlobalSection(ProjectConfigurationPlatforms) = postSolution
		{871A5621-7F5B-40C6-A55C-01CE0FC9BC88}.Debug|Any CPU.ActiveCfg = Debug|Any CPU
		{871A5621-7F5B-40C6-A55C-01CE0FC9BC88}.Debug|Any CPU.Build.0 = Debug|Any CPU
		{871A5621-7F5B-40C6-A55C-01CE0FC9BC88}.Release|Any CPU.ActiveCfg = Release|Any CPU
		{871A5621-7F5B-40C6-A55C-01CE0FC9BC88}.Release|Any CPU.Build.0 = Release|Any CPU
		{A0434355-436C-4160-B4DF-025ADDEFF7C2}.Debug|Any CPU.ActiveCfg = Debug|Any CPU
		{A0434355-436C-4160-B4DF-025ADDEFF7C2}.Debug|Any CPU.Build.0 = Debug|Any CPU
		{A0434355-436C-4160-B4DF-025ADDEFF7C2}.Release|Any CPU.ActiveCfg = Release|Any CPU
		{A0434355-436C-4160-B4DF-025ADDEFF7C2}.Release|Any CPU.Build.0 = Release|Any CPU
		{65967397-CA72-4F93-9172-9758EE450F52}.Debug|Any CPU.ActiveCfg = Debug|Any CPU
		{65967397-CA72-4F93-9172-9758EE450F52}.Debug|Any CPU.Build.0 = Debug|Any CPU
		{65967397-CA72-4F93-9172-9758EE450F52}.Release|Any CPU.ActiveCfg = Release|Any CPU
		{65967397-CA72-4F93-9172-9758EE450F52}.Release|Any CPU.Build.0 = Release|Any CPU
	EndGlobalSection
	GlobalSection(SolutionProperties) = preSolution
		HideSolutionNode = FALSE
	EndGlobalSection
	GlobalSection(ExtensibilityGlobals) = postSolution
		SolutionGuid = {1D04489D-2B05-436F-9C29-E8321F679F5D}
	EndGlobalSection
EndGlobal
