
Microsoft Visual Studio Solution File, Format Version 12.00
# Visual Studio Version 17
VisualStudioVersion = 17.8.34330.188
MinimumVisualStudioVersion = 10.0.40219.1
Project("{FAE04EC0-301F-11D3-BF4B-00C04F79EFBC}") = "CarSalesApp", "..\CarSalesApp\CarSalesApp.csproj", "{871A5621-7F5B-40C6-A55C-01CE0FC9BC88}"
EndProject
Global
	GlobalSection(SolutionConfigurationPlatforms) = preSolution
		Debug|Any CPU = Debug|Any CPU
		Release|Any CPU = Release|Any CPU
	EndGlobalSection
	GlobalSection(ProjectConfigurationPlatforms) = postSolution
		{871A5621-7F5B-40C6-A55C-01CE0FC9BC88}.Debug|Any CPU.ActiveCfg = Debug|Any CPU
		{871A5621-7F5B-40C6-A55C-01CE0FC9BC88}.Debug|Any CPU.Build.0 = Debug|Any CPU
		{871A5621-7F5B-40C6-A55C-01CE0FC9BC88}.Release|Any CPU.ActiveCfg = Release|Any CPU
		{871A5621-7F5B-40C6-A55C-01CE0FC9BC88}.Release|Any CPU.Build.0 = Release|Any CPU
	EndGlobalSection
	GlobalSection(SolutionProperties) = preSolution
		HideSolutionNode = FALSE
	EndGlobalSection
	GlobalSection(ExtensibilityGlobals) = postSolution
		SolutionGuid = {1D04489D-2B05-436F-9C29-E8321F679F5D}
	EndGlobalSection
EndGlobal
